// !$*UTF8*$!
{
	archiveVersion = 1;
	classes = {
	};
	objectVersion = 55;
	objects = {

/* Begin PBXBuildFile section */
		1452722B28051D8A00ED023B /* WriteDiaryViewController.swift in Sources */ = {isa = PBXBuildFile; fileRef = 1452722A28051D8A00ED023B /* WriteDiaryViewController.swift */; };
		1452722D28051F3200ED023B /* DiaryDetailViewContoller.swift in Sources */ = {isa = PBXBuildFile; fileRef = 1452722C28051F3200ED023B /* DiaryDetailViewContoller.swift */; };
		14CAC9ED27FD4DD0001489A8 /* AppDelegate.swift in Sources */ = {isa = PBXBuildFile; fileRef = 14CAC9EC27FD4DD0001489A8 /* AppDelegate.swift */; };
		14CAC9EF27FD4DD0001489A8 /* SceneDelegate.swift in Sources */ = {isa = PBXBuildFile; fileRef = 14CAC9EE27FD4DD0001489A8 /* SceneDelegate.swift */; };
		14CAC9F127FD4DD0001489A8 /* ViewController.swift in Sources */ = {isa = PBXBuildFile; fileRef = 14CAC9F027FD4DD0001489A8 /* ViewController.swift */; };
		14CAC9F427FD4DD0001489A8 /* Main.storyboard in Resources */ = {isa = PBXBuildFile; fileRef = 14CAC9F227FD4DD0001489A8 /* Main.storyboard */; };
		14CAC9F627FD4DD1001489A8 /* Assets.xcassets in Resources */ = {isa = PBXBuildFile; fileRef = 14CAC9F527FD4DD1001489A8 /* Assets.xcassets */; };
		14CAC9F927FD4DD1001489A8 /* LaunchScreen.storyboard in Resources */ = {isa = PBXBuildFile; fileRef = 14CAC9F727FD4DD1001489A8 /* LaunchScreen.storyboard */; };
		14CACA0127FD5890001489A8 /* DiaryCell.swift in Sources */ = {isa = PBXBuildFile; fileRef = 14CACA0027FD5890001489A8 /* DiaryCell.swift */; };
		14CACA0327FD592B001489A8 /* StarViewController.swift in Sources */ = {isa = PBXBuildFile; fileRef = 14CACA0227FD592B001489A8 /* StarViewController.swift */; };
		14CACA0527FD5D21001489A8 /* StarCell.swift in Sources */ = {isa = PBXBuildFile; fileRef = 14CACA0427FD5D21001489A8 /* StarCell.swift */; };
/* End PBXBuildFile section */

/* Begin PBXFileReference section */
		1452722A28051D8A00ED023B /* WriteDiaryViewController.swift */ = {isa = PBXFileReference; lastKnownFileType = sourcecode.swift; path = WriteDiaryViewController.swift; sourceTree = "<group>"; };
		1452722C28051F3200ED023B /* DiaryDetailViewContoller.swift */ = {isa = PBXFileReference; lastKnownFileType = sourcecode.swift; path = DiaryDetailViewContoller.swift; sourceTree = "<group>"; };
		14CAC9E927FD4DD0001489A8 /* 5.Diary.app */ = {isa = PBXFileReference; explicitFileType = wrapper.application; includeInIndex = 0; path = 5.Diary.app; sourceTree = BUILT_PRODUCTS_DIR; };
		14CAC9EC27FD4DD0001489A8 /* AppDelegate.swift */ = {isa = PBXFileReference; lastKnownFileType = sourcecode.swift; path = AppDelegate.swift; sourceTree = "<group>"; };
		14CAC9EE27FD4DD0001489A8 /* SceneDelegate.swift */ = {isa = PBXFileReference; lastKnownFileType = sourcecode.swift; path = SceneDelegate.swift; sourceTree = "<group>"; };
		14CAC9F027FD4DD0001489A8 /* ViewController.swift */ = {isa = PBXFileReference; lastKnownFileType = sourcecode.swift; path = ViewController.swift; sourceTree = "<group>"; };
		14CAC9F327FD4DD0001489A8 /* Base */ = {isa = PBXFileReference; lastKnownFileType = file.storyboard; name = Base; path = Base.lproj/Main.storyboard; sourceTree = "<group>"; };
		14CAC9F527FD4DD1001489A8 /* Assets.xcassets */ = {isa = PBXFileReference; lastKnownFileType = folder.assetcatalog; path = Assets.xcassets; sourceTree = "<group>"; };
		14CAC9F827FD4DD1001489A8 /* Base */ = {isa = PBXFileReference; lastKnownFileType = file.storyboard; name = Base; path = Base.lproj/LaunchScreen.storyboard; sourceTree = "<group>"; };
		14CAC9FA27FD4DD1001489A8 /* Info.plist */ = {isa = PBXFileReference; lastKnownFileType = text.plist.xml; path = Info.plist; sourceTree = "<group>"; };
		14CACA0027FD5890001489A8 /* DiaryCell.swift */ = {isa = PBXFileReference; lastKnownFileType = sourcecode.swift; path = DiaryCell.swift; sourceTree = "<group>"; };
		14CACA0227FD592B001489A8 /* StarViewController.swift */ = {isa = PBXFileReference; lastKnownFileType = sourcecode.swift; path = StarViewController.swift; sourceTree = "<group>"; };
		14CACA0427FD5D21001489A8 /* StarCell.swift */ = {isa = PBXFileReference; lastKnownFileType = sourcecode.swift; path = StarCell.swift; sourceTree = "<group>"; };
/* End PBXFileReference section */

/* Begin PBXFrameworksBuildPhase section */
		14CAC9E627FD4DD0001489A8 /* Frameworks */ = {
			isa = PBXFrameworksBuildPhase;
			buildActionMask = 2147483647;
			files = (
			);
			runOnlyForDeploymentPostprocessing = 0;
		};
/* End PBXFrameworksBuildPhase section */

/* Begin PBXGroup section */
		14CAC9E027FD4DD0001489A8 = {
			isa = PBXGroup;
			children = (
				14CAC9EB27FD4DD0001489A8 /* 5.Diary */,
				14CAC9EA27FD4DD0001489A8 /* Products */,
			);
			sourceTree = "<group>";
		};
		14CAC9EA27FD4DD0001489A8 /* Products */ = {
			isa = PBXGroup;
			children = (
				14CAC9E927FD4DD0001489A8 /* 5.Diary.app */,
			);
			name = Products;
			sourceTree = "<group>";
		};
		14CAC9EB27FD4DD0001489A8 /* 5.Diary */ = {
			isa = PBXGroup;
			children = (
				14CAC9EC27FD4DD0001489A8 /* AppDelegate.swift */,
				14CAC9EE27FD4DD0001489A8 /* SceneDelegate.swift */,
				14CAC9F027FD4DD0001489A8 /* ViewController.swift */,
				14CAC9F227FD4DD0001489A8 /* Main.storyboard */,
				14CAC9F527FD4DD1001489A8 /* Assets.xcassets */,
				14CAC9F727FD4DD1001489A8 /* LaunchScreen.storyboard */,
				14CAC9FA27FD4DD1001489A8 /* Info.plist */,
				14CACA0027FD5890001489A8 /* DiaryCell.swift */,
				14CACA0227FD592B001489A8 /* StarViewController.swift */,
				14CACA0427FD5D21001489A8 /* StarCell.swift */,
				1452722A28051D8A00ED023B /* WriteDiaryViewController.swift */,
				1452722C28051F3200ED023B /* DiaryDetailViewContoller.swift */,
			);
			path = 5.Diary;
			sourceTree = "<group>";
		};
/* End PBXGroup section */

/* Begin PBXNativeTarget section */
		14CAC9E827FD4DD0001489A8 /* 5.Diary */ = {
			isa = PBXNativeTarget;
			buildConfigurationList = 14CAC9FD27FD4DD1001489A8 /* Build configuration list for PBXNativeTarget "5.Diary" */;
			buildPhases = (
				14CAC9E527FD4DD0001489A8 /* Sources */,
				14CAC9E627FD4DD0001489A8 /* Frameworks */,
				14CAC9E727FD4DD0001489A8 /* Resources */,
			);
			buildRules = (
			);
			dependencies = (
			);
			name = 5.Diary;
			productName = 5.Diary;
			productReference = 14CAC9E927FD4DD0001489A8 /* 5.Diary.app */;
			productType = "com.apple.product-type.application";
		};
/* End PBXNativeTarget section */

/* Begin PBXProject section */
		14CAC9E127FD4DD0001489A8 /* Project object */ = {
			isa = PBXProject;
			attributes = {
				BuildIndependentTargetsInParallel = 1;
				LastSwiftUpdateCheck = 1330;
				LastUpgradeCheck = 1330;
				TargetAttributes = {
					14CAC9E827FD4DD0001489A8 = {
						CreatedOnToolsVersion = 13.3;
					};
				};
			};
			buildConfigurationList = 14CAC9E427FD4DD0001489A8 /* Build configuration list for PBXProject "5.Diary" */;
			compatibilityVersion = "Xcode 13.0";
			developmentRegion = en;
			hasScannedForEncodings = 0;
			knownRegions = (
				en,
				Base,
			);
			mainGroup = 14CAC9E027FD4DD0001489A8;
			productRefGroup = 14CAC9EA27FD4DD0001489A8 /* Products */;
			projectDirPath = "";
			projectRoot = "";
			targets = (
				14CAC9E827FD4DD0001489A8 /* 5.Diary */,
			);
		};
/* End PBXProject section */

/* Begin PBXResourcesBuildPhase section */
		14CAC9E727FD4DD0001489A8 /* Resources */ = {
			isa = PBXResourcesBuildPhase;
			buildActionMask = 2147483647;
			files = (
				14CAC9F927FD4DD1001489A8 /* LaunchScreen.storyboard in Resources */,
				14CAC9F627FD4DD1001489A8 /* Assets.xcassets in Resources */,
				14CAC9F427FD4DD0001489A8 /* Main.storyboard in Resources */,
			);
			runOnlyForDeploymentPostprocessing = 0;
		};
/* End PBXResourcesBuildPhase section */

/* Begin PBXSourcesBuildPhase section */
		14CAC9E527FD4DD0001489A8 /* Sources */ = {
			isa = PBXSourcesBuildPhase;
			buildActionMask = 2147483647;
			files = (
				14CAC9F127FD4DD0001489A8 /* ViewController.swift in Sources */,
				1452722B28051D8A00ED023B /* WriteDiaryViewController.swift in Sources */,
				1452722D28051F3200ED023B /* DiaryDetailViewContoller.swift in Sources */,
				14CACA0527FD5D21001489A8 /* StarCell.swift in Sources */,
				14CAC9ED27FD4DD0001489A8 /* AppDelegate.swift in Sources */,
				14CAC9EF27FD4DD0001489A8 /* SceneDelegate.swift in Sources */,
				14CACA0127FD5890001489A8 /* DiaryCell.swift in Sources */,
				14CACA0327FD592B001489A8 /* StarViewController.swift in Sources */,
			);
			runOnlyForDeploymentPostprocessing = 0;
		};
/* End PBXSourcesBuildPhase section */

/* Begin PBXVariantGroup section */
		14CAC9F227FD4DD0001489A8 /* Main.storyboard */ = {
			isa = PBXVariantGroup;
			children = (
				14CAC9F327FD4DD0001489A8 /* Base */,
			);
			name = Main.storyboard;
			sourceTree = "<group>";
		};
		14CAC9F727FD4DD1001489A8 /* LaunchScreen.storyboard */ = {
			isa = PBXVariantGroup;
			children = (
				14CAC9F827FD4DD1001489A8 /* Base */,
			);
			name = LaunchScreen.storyboard;
			sourceTree = "<group>";
		};
/* End PBXVariantGroup section */

/* Begin XCBuildConfiguration section */
		14CAC9FB27FD4DD1001489A8 /* Debug */ = {
			isa = XCBuildConfiguration;
			buildSettings = {
				ALWAYS_SEARCH_USER_PATHS = NO;
				CLANG_ANALYZER_NONNULL = YES;
				CLANG_ANALYZER_NUMBER_OBJECT_CONVERSION = YES_AGGRESSIVE;
				CLANG_CXX_LANGUAGE_STANDARD = "gnu++17";
				CLANG_ENABLE_MODULES = YES;
				CLANG_ENABLE_OBJC_ARC = YES;
				CLANG_ENABLE_OBJC_WEAK = YES;
				CLANG_WARN_BLOCK_CAPTURE_AUTORELEASING = YES;
				CLANG_WARN_BOOL_CONVERSION = YES;
				CLANG_WARN_COMMA = YES;
				CLANG_WARN_CONSTANT_CONVERSION = YES;
				CLANG_WARN_DEPRECATED_OBJC_IMPLEMENTATIONS = YES;
				CLANG_WARN_DIRECT_OBJC_ISA_USAGE = YES_ERROR;
				CLANG_WARN_DOCUMENTATION_COMMENTS = YES;
				CLANG_WARN_EMPTY_BODY = YES;
				CLANG_WARN_ENUM_CONVERSION = YES;
				CLANG_WARN_INFINITE_RECURSION = YES;
				CLANG_WARN_INT_CONVERSION = YES;
				CLANG_WARN_NON_LITERAL_NULL_CONVERSION = YES;
				CLANG_WARN_OBJC_IMPLICIT_RETAIN_SELF = YES;
				CLANG_WARN_OBJC_LITERAL_CONVERSION = YES;
				CLANG_WARN_OBJC_ROOT_CLASS = YES_ERROR;
				CLANG_WARN_QUOTED_INCLUDE_IN_FRAMEWORK_HEADER = YES;
				CLANG_WARN_RANGE_LOOP_ANALYSIS = YES;
				CLANG_WARN_STRICT_PROTOTYPES = YES;
				CLANG_WARN_SUSPICIOUS_MOVE = YES;
				CLANG_WARN_UNGUARDED_AVAILABILITY = YES_AGGRESSIVE;
				CLANG_WARN_UNREACHABLE_CODE = YES;
				CLANG_WARN__DUPLICATE_METHOD_MATCH = YES;
				COPY_PHASE_STRIP = NO;
				DEBUG_INFORMATION_FORMAT = dwarf;
				ENABLE_STRICT_OBJC_MSGSEND = YES;
				ENABLE_TESTABILITY = YES;
				GCC_C_LANGUAGE_STANDARD = gnu11;
				GCC_DYNAMIC_NO_PIC = NO;
				GCC_NO_COMMON_BLOCKS = YES;
				GCC_OPTIMIZATION_LEVEL = 0;
				GCC_PREPROCESSOR_DEFINITIONS = (
					"DEBUG=1",
					"$(inherited)",
				);
				GCC_WARN_64_TO_32_BIT_CONVERSION = YES;
				GCC_WARN_ABOUT_RETURN_TYPE = YES_ERROR;
				GCC_WARN_UNDECLARED_SELECTOR = YES;
				GCC_WARN_UNINITIALIZED_AUTOS = YES_AGGRESSIVE;
				GCC_WARN_UNUSED_FUNCTION = YES;
				GCC_WARN_UNUSED_VARIABLE = YES;
				IPHONEOS_DEPLOYMENT_TARGET = 15.4;
				MTL_ENABLE_DEBUG_INFO = INCLUDE_SOURCE;
				MTL_FAST_MATH = YES;
				ONLY_ACTIVE_ARCH = YES;
				SDKROOT = iphoneos;
				SWIFT_ACTIVE_COMPILATION_CONDITIONS = DEBUG;
				SWIFT_OPTIMIZATION_LEVEL = "-Onone";
			};
			name = Debug;
		};
		14CAC9FC27FD4DD1001489A8 /* Release */ = {
			isa = XCBuildConfiguration;
			buildSettings = {
				ALWAYS_SEARCH_USER_PATHS = NO;
				CLANG_ANALYZER_NONNULL = YES;
				CLANG_ANALYZER_NUMBER_OBJECT_CONVERSION = YES_AGGRESSIVE;
				CLANG_CXX_LANGUAGE_STANDARD = "gnu++17";
				CLANG_ENABLE_MODULES = YES;
				CLANG_ENABLE_OBJC_ARC = YES;
				CLANG_ENABLE_OBJC_WEAK = YES;
				CLANG_WARN_BLOCK_CAPTURE_AUTORELEASING = YES;
				CLANG_WARN_BOOL_CONVERSION = YES;
				CLANG_WARN_COMMA = YES;
				CLANG_WARN_CONSTANT_CONVERSION = YES;
				CLANG_WARN_DEPRECATED_OBJC_IMPLEMENTATIONS = YES;
				CLANG_WARN_DIRECT_OBJC_ISA_USAGE = YES_ERROR;
				CLANG_WARN_DOCUMENTATION_COMMENTS = YES;
				CLANG_WARN_EMPTY_BODY = YES;
				CLANG_WARN_ENUM_CONVERSION = YES;
				CLANG_WARN_INFINITE_RECURSION = YES;
				CLANG_WARN_INT_CONVERSION = YES;
				CLANG_WARN_NON_LITERAL_NULL_CONVERSION = YES;
				CLANG_WARN_OBJC_IMPLICIT_RETAIN_SELF = YES;
				CLANG_WARN_OBJC_LITERAL_CONVERSION = YES;
				CLANG_WARN_OBJC_ROOT_CLASS = YES_ERROR;
				CLANG_WARN_QUOTED_INCLUDE_IN_FRAMEWORK_HEADER = YES;
				CLANG_WARN_RANGE_LOOP_ANALYSIS = YES;
				CLANG_WARN_STRICT_PROTOTYPES = YES;
				CLANG_WARN_SUSPICIOUS_MOVE = YES;
				CLANG_WARN_UNGUARDED_AVAILABILITY = YES_AGGRESSIVE;
				CLANG_WARN_UNREACHABLE_CODE = YES;
				CLANG_WARN__DUPLICATE_METHOD_MATCH = YES;
				COPY_PHASE_STRIP = NO;
				DEBUG_INFORMATION_FORMAT = "dwarf-with-dsym";
				ENABLE_NS_ASSERTIONS = NO;
				ENABLE_STRICT_OBJC_MSGSEND = YES;
				GCC_C_LANGUAGE_STANDARD = gnu11;
				GCC_NO_COMMON_BLOCKS = YES;
				GCC_WARN_64_TO_32_BIT_CONVERSION = YES;
				GCC_WARN_ABOUT_RETURN_TYPE = YES_ERROR;
				GCC_WARN_UNDECLARED_SELECTOR = YES;
				GCC_WARN_UNINITIALIZED_AUTOS = YES_AGGRESSIVE;
				GCC_WARN_UNUSED_FUNCTION = YES;
				GCC_WARN_UNUSED_VARIABLE = YES;
				IPHONEOS_DEPLOYMENT_TARGET = 15.4;
				MTL_ENABLE_DEBUG_INFO = NO;
				MTL_FAST_MATH = YES;
				SDKROOT = iphoneos;
				SWIFT_COMPILATION_MODE = wholemodule;
				SWIFT_OPTIMIZATION_LEVEL = "-O";
				VALIDATE_PRODUCT = YES;
			};
			name = Release;
		};
		14CAC9FE27FD4DD1001489A8 /* Debug */ = {
			isa = XCBuildConfiguration;
			buildSettings = {
				ASSETCATALOG_COMPILER_APPICON_NAME = AppIcon;
				ASSETCATALOG_COMPILER_GLOBAL_ACCENT_COLOR_NAME = AccentColor;
				CODE_SIGN_STYLE = Automatic;
				CURRENT_PROJECT_VERSION = 1;
				DEVELOPMENT_TEAM = 84F5W52ST4;
				GENERATE_INFOPLIST_FILE = YES;
				INFOPLIST_FILE = 5.Diary/Info.plist;
				INFOPLIST_KEY_UIApplicationSupportsIndirectInputEvents = YES;
				INFOPLIST_KEY_UILaunchStoryboardName = LaunchScreen;
				INFOPLIST_KEY_UIMainStoryboardFile = Main;
				INFOPLIST_KEY_UISupportedInterfaceOrientations_iPad = "UIInterfaceOrientationPortrait UIInterfaceOrientationPortraitUpsideDown UIInterfaceOrientationLandscapeLeft UIInterfaceOrientationLandscapeRight";
				INFOPLIST_KEY_UISupportedInterfaceOrientations_iPhone = "UIInterfaceOrientationPortrait UIInterfaceOrientationLandscapeLeft UIInterfaceOrientationLandscapeRight";
				LD_RUNPATH_SEARCH_PATHS = (
					"$(inherited)",
					"@executable_path/Frameworks",
				);
				MARKETING_VERSION = 1.0;
				PRODUCT_BUNDLE_IDENTIFIER = "jp.co.ais-edu.--Diary";
				PRODUCT_NAME = "$(TARGET_NAME)";
				SWIFT_EMIT_LOC_STRINGS = YES;
				SWIFT_VERSION = 5.0;
				TARGETED_DEVICE_FAMILY = "1,2";
			};
			name = Debug;
		};
		14CAC9FF27FD4DD1001489A8 /* Release */ = {
			isa = XCBuildConfiguration;
			buildSettings = {
				ASSETCATALOG_COMPILER_APPICON_NAME = AppIcon;
				ASSETCATALOG_COMPILER_GLOBAL_ACCENT_COLOR_NAME = AccentColor;
				CODE_SIGN_STYLE = Automatic;
				CURRENT_PROJECT_VERSION = 1;
				DEVELOPMENT_TEAM = 84F5W52ST4;
				GENERATE_INFOPLIST_FILE = YES;
				INFOPLIST_FILE = 5.Diary/Info.plist;
				INFOPLIST_KEY_UIApplicationSupportsIndirectInputEvents = YES;
				INFOPLIST_KEY_UILaunchStoryboardName = LaunchScreen;
				INFOPLIST_KEY_UIMainStoryboardFile = Main;
				INFOPLIST_KEY_UISupportedInterfaceOrientations_iPad = "UIInterfaceOrientationPortrait UIInterfaceOrientationPortraitUpsideDown UIInterfaceOrientationLandscapeLeft UIInterfaceOrientationLandscapeRight";
				INFOPLIST_KEY_UISupportedInterfaceOrientations_iPhone = "UIInterfaceOrientationPortrait UIInterfaceOrientationLandscapeLeft UIInterfaceOrientationLandscapeRight";
				LD_RUNPATH_SEARCH_PATHS = (
					"$(inherited)",
					"@executable_path/Frameworks",
				);
				MARKETING_VERSION = 1.0;
				PRODUCT_BUNDLE_IDENTIFIER = "jp.co.ais-edu.--Diary";
				PRODUCT_NAME = "$(TARGET_NAME)";
				SWIFT_EMIT_LOC_STRINGS = YES;
				SWIFT_VERSION = 5.0;
				TARGETED_DEVICE_FAMILY = "1,2";
			};
			name = Release;
		};
/* End XCBuildConfiguration section */

/* Begin XCConfigurationList section */
		14CAC9E427FD4DD0001489A8 /* Build configuration list for PBXProject "5.Diary" */ = {
			isa = XCConfigurationList;
			buildConfigurations = (
				14CAC9FB27FD4DD1001489A8 /* Debug */,
				14CAC9FC27FD4DD1001489A8 /* Release */,
			);
			defaultConfigurationIsVisible = 0;
			defaultConfigurationName = Release;
		};
		14CAC9FD27FD4DD1001489A8 /* Build configuration list for PBXNativeTarget "5.Diary" */ = {
			isa = XCConfigurationList;
			buildConfigurations = (
				14CAC9FE27FD4DD1001489A8 /* Debug */,
				14CAC9FF27FD4DD1001489A8 /* Release */,
			);
			defaultConfigurationIsVisible = 0;
			defaultConfigurationName = Release;
		};
/* End XCConfigurationList section */
	};
	rootObject = 14CAC9E127FD4DD0001489A8 /* Project object */;
}
